
Microsoft Visual Studio Solution File, Format Version 12.00
# Visual Studio Version 16
VisualStudioVersion = 16.0.30523.141
MinimumVisualStudioVersion = 10.0.40219.1
Project("{FAE04EC0-301F-11D3-BF4B-00C04F79EFBC}") = "PreventXBDD", "PreventXBDD\PreventXBDD.csproj", "{CE3DB455-4C5E-48B6-8C7B-46CC5A173D63}"
EndProject
Global
	GlobalSection(SolutionConfigurationPlatforms) = preSolution
		Debug|Any CPU = Debug|Any CPU
		Release|Any CPU = Release|Any CPU
	EndGlobalSection
	GlobalSection(ProjectConfigurationPlatforms) = postSolution
		{CE3DB455-4C5E-48B6-8C7B-46CC5A173D63}.Debug|Any CPU.ActiveCfg = Debug|Any CPU
		{CE3DB455-4C5E-48B6-8C7B-46CC5A173D63}.Debug|Any CPU.Build.0 = Debug|Any CPU
		{CE3DB455-4C5E-48B6-8C7B-46CC5A173D63}.Release|Any CPU.ActiveCfg = Release|Any CPU
		{CE3DB455-4C5E-48B6-8C7B-46CC5A173D63}.Release|Any CPU.Build.0 = Release|Any CPU
	EndGlobalSection
	GlobalSection(SolutionProperties) = preSolution
		HideSolutionNode = FALSE
	EndGlobalSection
	GlobalSection(ExtensibilityGlobals) = postSolution
		SolutionGuid = {DFE46492-5AC3-4217-BCFA-C62D8ECFBA3F}
	EndGlobalSection
EndGlobal
